
Microsoft Visual Studio Solution File, Format Version 11.00
# Visual Studio 2010
Project("{FAE04EC0-301F-11D3-BF4B-00C04F79EFBC}") = "Assembly-CSharp", "Assembly-CSharp.csproj", "{C082752F-C4C7-B201-75FF-CF6059AD3477}"
EndProject
Project("{FAE04EC0-301F-11D3-BF4B-00C04F79EFBC}") = "Assembly-CSharp-Editor", "Assembly-CSharp-Editor.csproj", "{A84A82D1-1EC0-1933-A065-F9ADA9C5E538}"
EndProject
Global
	GlobalSection(SolutionConfigurationPlatforms) = preSolution
		Debug|Any CPU = Debug|Any CPU
		Release|Any CPU = Release|Any CPU
	EndGlobalSection
	GlobalSection(ProjectConfigurationPlatforms) = postSolution
		{C082752F-C4C7-B201-75FF-CF6059AD3477}.Debug|Any CPU.ActiveCfg = Debug|Any CPU
		{C082752F-C4C7-B201-75FF-CF6059AD3477}.Debug|Any CPU.Build.0 = Debug|Any CPU
		{C082752F-C4C7-B201-75FF-CF6059AD3477}.Release|Any CPU.ActiveCfg = Release|Any CPU
		{C082752F-C4C7-B201-75FF-CF6059AD3477}.Release|Any CPU.Build.0 = Release|Any CPU
		{A84A82D1-1EC0-1933-A065-F9ADA9C5E538}.Debug|Any CPU.ActiveCfg = Debug|Any CPU
		{A84A82D1-1EC0-1933-A065-F9ADA9C5E538}.Debug|Any CPU.Build.0 = Debug|Any CPU
		{A84A82D1-1EC0-1933-A065-F9ADA9C5E538}.Release|Any CPU.ActiveCfg = Release|Any CPU
		{A84A82D1-1EC0-1933-A065-F9ADA9C5E538}.Release|Any CPU.Build.0 = Release|Any CPU
	EndGlobalSection
	GlobalSection(SolutionProperties) = preSolution
		HideSolutionNode = FALSE
	EndGlobalSection
	GlobalSection(MonoDevelopProperties) = preSolution
		StartupItem = Assembly-CSharp.csproj
	EndGlobalSection
EndGlobal
